
Microsoft Visual Studio Solution File, Format Version 12.00
# Visual Studio Version 17
VisualStudioVersion = 17.9.34701.34
MinimumVisualStudioVersion = 10.0.40219.1
Project("{FAE04EC0-301F-11D3-BF4B-00C04F79EFBC}") = "ToDoList", "ToDoList\ToDoList.csproj", "{5CF9B492-F10A-40B6-A0F8-47DC102FBBE6}"
EndProject
Global
	GlobalSection(SolutionConfigurationPlatforms) = preSolution
		Debug|Any CPU = Debug|Any CPU
		Release|Any CPU = Release|Any CPU
	EndGlobalSection
	GlobalSection(ProjectConfigurationPlatforms) = postSolution
		{5CF9B492-F10A-40B6-A0F8-47DC102FBBE6}.Debug|Any CPU.ActiveCfg = Debug|Any CPU
		{5CF9B492-F10A-40B6-A0F8-47DC102FBBE6}.Debug|Any CPU.Build.0 = Debug|Any CPU
		{5CF9B492-F10A-40B6-A0F8-47DC102FBBE6}.Release|Any CPU.ActiveCfg = Release|Any CPU
		{5CF9B492-F10A-40B6-A0F8-47DC102FBBE6}.Release|Any CPU.Build.0 = Release|Any CPU
	EndGlobalSection
	GlobalSection(SolutionProperties) = preSolution
		HideSolutionNode = FALSE
	EndGlobalSection
	GlobalSection(ExtensibilityGlobals) = postSolution
		SolutionGuid = {06074052-73F2-405F-B1C7-2FAA69DA3C0F}
	EndGlobalSection
EndGlobal
